# This file is automatically @generated by Cargo.
# It is not intended for manual editing.
version = 3

[[package]]
name = "const_panic"
version = "0.2.7"
source = "registry+https://github.com/rust-lang/crates.io-index"
checksum = "58baae561b85ca19b3122a9ddd35c8ec40c3bcd14fe89921824eae73f7baffbf"

[[package]]
name = "dict"
version = "0.1.5"
source = "registry+https://github.com/rust-lang/crates.io-index"
checksum = "39fbb71fba1e2c935f51b056de0d812d9b625b8165b2d7f8848902080fbdffb4"

[[package]]
name = "emfind"
version = "0.1.0"
dependencies = [
 "dict",
 "konst",
 "unicode-segmentation",
]

[[package]]
name = "konst"
version = "0.3.4"
source = "registry+https://github.com/rust-lang/crates.io-index"
checksum = "4850f150968eec6df7f1b348a0874db47a9bcd5e2a41ee1d347392f929590d9d"
dependencies = [
 "const_panic",
 "konst_kernel",
 "konst_proc_macros",
]

[[package]]
name = "konst_kernel"
version = "0.3.4"
source = "registry+https://github.com/rust-lang/crates.io-index"
checksum = "7771682454392dfe62a909aba2c6efc6674e2ad0b678fbc33b154e2e1bd59b89"

[[package]]
name = "konst_proc_macros"
version = "0.3.0"
source = "registry+https://github.com/rust-lang/crates.io-index"
checksum = "4e28ab1dc35e09d60c2b8c90d12a9a8d9666c876c10a3739a3196db0103b6043"

[[package]]
name = "unicode-segmentation"
version = "1.10.0"
source = "registry+https://github.com/rust-lang/crates.io-index"
checksum = "0fdbf052a0783de01e944a6ce7a8cb939e295b1e7be835a1112c3b9a7f047a5a"
